
Microsoft Visual Studio Solution File, Format Version 12.00
# Visual Studio 14
VisualStudioVersion = 14.0.25420.1
MinimumVisualStudioVersion = 10.0.40219.1
Project("{FAE04EC0-301F-11D3-BF4B-00C04F79EFBC}") = "PriceList", "PriceList\PriceList.csproj", "{5D08BAF6-00C5-4C69-B408-76B5A5CF52C8}"
EndProject
Project("{FAE04EC0-301F-11D3-BF4B-00C04F79EFBC}") = "Domain", "Domain\Domain.csproj", "{65B9A8C3-C1C1-4195-8EB6-CBA4C7345C76}"
EndProject
Project("{FAE04EC0-301F-11D3-BF4B-00C04F79EFBC}") = "Common", "Common\Common.csproj", "{FC5AA2B4-3B40-468F-B13E-F16B2EE8FDEA}"
EndProject
Project("{FAE04EC0-301F-11D3-BF4B-00C04F79EFBC}") = "Media", "Media\Media.csproj", "{B7FC1012-787D-489F-A846-32062538CB77}"
EndProject
Project("{FAE04EC0-301F-11D3-BF4B-00C04F79EFBC}") = "CommonControl", "CommonControl\CommonControl.csproj", "{9C178753-F272-451B-8CC3-8B78A275BC48}"
EndProject
Project("{FAE04EC0-301F-11D3-BF4B-00C04F79EFBC}") = "Catalog", "Catalog\Catalog.csproj", "{F0C9EB97-38E2-49C8-879B-660CC16ACB2A}"
EndProject
Project("{FAE04EC0-301F-11D3-BF4B-00C04F79EFBC}") = "DatabaseService", "DatabaseService\DatabaseService.csproj", "{E3AAB1A2-9D4B-4C71-915E-7020B77F2875}"
EndProject
Project("{FAE04EC0-301F-11D3-BF4B-00C04F79EFBC}") = "Basket", "Basket\Basket.csproj", "{F2340FEF-9582-419E-B58C-53AB4AD66299}"
EndProject
Project("{FAE04EC0-301F-11D3-BF4B-00C04F79EFBC}") = "Photo", "Photo\Photo.csproj", "{EE93DDA8-DF77-4E53-8B34-6439F3079748}"
EndProject
Project("{FAE04EC0-301F-11D3-BF4B-00C04F79EFBC}") = "UserDecisions", "UserDecisions\UserDecisions.csproj", "{190F846D-A3C6-4E1F-8533-B3D5300367AE}"
EndProject
Global
	GlobalSection(SolutionConfigurationPlatforms) = preSolution
		Debug|Any CPU = Debug|Any CPU
		Release|Any CPU = Release|Any CPU
	EndGlobalSection
	GlobalSection(ProjectConfigurationPlatforms) = postSolution
		{5D08BAF6-00C5-4C69-B408-76B5A5CF52C8}.Debug|Any CPU.ActiveCfg = Debug|Any CPU
		{5D08BAF6-00C5-4C69-B408-76B5A5CF52C8}.Debug|Any CPU.Build.0 = Debug|Any CPU
		{5D08BAF6-00C5-4C69-B408-76B5A5CF52C8}.Release|Any CPU.ActiveCfg = Release|Any CPU
		{5D08BAF6-00C5-4C69-B408-76B5A5CF52C8}.Release|Any CPU.Build.0 = Release|Any CPU
		{65B9A8C3-C1C1-4195-8EB6-CBA4C7345C76}.Debug|Any CPU.ActiveCfg = Debug|Any CPU
		{65B9A8C3-C1C1-4195-8EB6-CBA4C7345C76}.Debug|Any CPU.Build.0 = Debug|Any CPU
		{65B9A8C3-C1C1-4195-8EB6-CBA4C7345C76}.Release|Any CPU.ActiveCfg = Release|Any CPU
		{65B9A8C3-C1C1-4195-8EB6-CBA4C7345C76}.Release|Any CPU.Build.0 = Release|Any CPU
		{FC5AA2B4-3B40-468F-B13E-F16B2EE8FDEA}.Debug|Any CPU.ActiveCfg = Debug|Any CPU
		{FC5AA2B4-3B40-468F-B13E-F16B2EE8FDEA}.Debug|Any CPU.Build.0 = Debug|Any CPU
		{FC5AA2B4-3B40-468F-B13E-F16B2EE8FDEA}.Release|Any CPU.ActiveCfg = Release|Any CPU
		{FC5AA2B4-3B40-468F-B13E-F16B2EE8FDEA}.Release|Any CPU.Build.0 = Release|Any CPU
		{B7FC1012-787D-489F-A846-32062538CB77}.Debug|Any CPU.ActiveCfg = Debug|Any CPU
		{B7FC1012-787D-489F-A846-32062538CB77}.Debug|Any CPU.Build.0 = Debug|Any CPU
		{B7FC1012-787D-489F-A846-32062538CB77}.Release|Any CPU.ActiveCfg = Release|Any CPU
		{B7FC1012-787D-489F-A846-32062538CB77}.Release|Any CPU.Build.0 = Release|Any CPU
		{9C178753-F272-451B-8CC3-8B78A275BC48}.Debug|Any CPU.ActiveCfg = Debug|Any CPU
		{9C178753-F272-451B-8CC3-8B78A275BC48}.Debug|Any CPU.Build.0 = Debug|Any CPU
		{9C178753-F272-451B-8CC3-8B78A275BC48}.Release|Any CPU.ActiveCfg = Release|Any CPU
		{9C178753-F272-451B-8CC3-8B78A275BC48}.Release|Any CPU.Build.0 = Release|Any CPU
		{F0C9EB97-38E2-49C8-879B-660CC16ACB2A}.Debug|Any CPU.ActiveCfg = Debug|Any CPU
		{F0C9EB97-38E2-49C8-879B-660CC16ACB2A}.Debug|Any CPU.Build.0 = Debug|Any CPU
		{F0C9EB97-38E2-49C8-879B-660CC16ACB2A}.Release|Any CPU.ActiveCfg = Release|Any CPU
		{F0C9EB97-38E2-49C8-879B-660CC16ACB2A}.Release|Any CPU.Build.0 = Release|Any CPU
		{E3AAB1A2-9D4B-4C71-915E-7020B77F2875}.Debug|Any CPU.ActiveCfg = Debug|Any CPU
		{E3AAB1A2-9D4B-4C71-915E-7020B77F2875}.Debug|Any CPU.Build.0 = Debug|Any CPU
		{E3AAB1A2-9D4B-4C71-915E-7020B77F2875}.Release|Any CPU.ActiveCfg = Release|Any CPU
		{E3AAB1A2-9D4B-4C71-915E-7020B77F2875}.Release|Any CPU.Build.0 = Release|Any CPU
		{F2340FEF-9582-419E-B58C-53AB4AD66299}.Debug|Any CPU.ActiveCfg = Debug|Any CPU
		{F2340FEF-9582-419E-B58C-53AB4AD66299}.Debug|Any CPU.Build.0 = Debug|Any CPU
		{F2340FEF-9582-419E-B58C-53AB4AD66299}.Release|Any CPU.ActiveCfg = Release|Any CPU
		{F2340FEF-9582-419E-B58C-53AB4AD66299}.Release|Any CPU.Build.0 = Release|Any CPU
		{EE93DDA8-DF77-4E53-8B34-6439F3079748}.Debug|Any CPU.ActiveCfg = Debug|Any CPU
		{EE93DDA8-DF77-4E53-8B34-6439F3079748}.Debug|Any CPU.Build.0 = Debug|Any CPU
		{EE93DDA8-DF77-4E53-8B34-6439F3079748}.Release|Any CPU.ActiveCfg = Release|Any CPU
		{EE93DDA8-DF77-4E53-8B34-6439F3079748}.Release|Any CPU.Build.0 = Release|Any CPU
		{190F846D-A3C6-4E1F-8533-B3D5300367AE}.Debug|Any CPU.ActiveCfg = Debug|Any CPU
		{190F846D-A3C6-4E1F-8533-B3D5300367AE}.Debug|Any CPU.Build.0 = Debug|Any CPU
		{190F846D-A3C6-4E1F-8533-B3D5300367AE}.Release|Any CPU.ActiveCfg = Release|Any CPU
		{190F846D-A3C6-4E1F-8533-B3D5300367AE}.Release|Any CPU.Build.0 = Release|Any CPU
	EndGlobalSection
	GlobalSection(SolutionProperties) = preSolution
		HideSolutionNode = FALSE
	EndGlobalSection
EndGlobal
