Microsoft Visual Studio Solution File, Format Version 12.00
# Visual Studio 14
VisualStudioVersion = 14.0.25420.1
MinimumVisualStudioVersion = 10.0.40219.1
Project("{FAE04EC0-301F-11D3-BF4B-00C04F79EFBC}") = "PriceList", "PriceList\PriceList.csproj", "{580BF8B1-61AF-47FD-B9BD-2B76A6F2391E}"
EndProject
Project("{FAE04EC0-301F-11D3-BF4B-00C04F79EFBC}") = "PriceListConsoleServer", "PriceListConsoleServer\PriceListConsoleServer.csproj", "{E15E028B-AE90-4511-ADEF-83F4173EC28E}"
EndProject
Project("{FAE04EC0-301F-11D3-BF4B-00C04F79EFBC}") = "Common", "Common\Common.csproj", "{8F428F85-1B5B-435C-8640-C4A34883E10E}"
EndProject
Project("{FAE04EC0-301F-11D3-BF4B-00C04F79EFBC}") = "PriceListService", "PriceListService\PriceListService.csproj", "{6ADEB1F5-4BA3-458F-8239-841E048EFE3A}"
EndProject
Project("{FAE04EC0-301F-11D3-BF4B-00C04F79EFBC}") = "DataService", "DataService\DataService.csproj", "{CB1B4E13-2D42-473E-AC55-5D2E3E08F143}"
EndProject
Project("{FAE04EC0-301F-11D3-BF4B-00C04F79EFBC}") = "LogService", "LogService\LogService.csproj", "{AB47757F-36C5-4714-AA76-F4B3A6AA4D69}"
EndProject
Global
	GlobalSection(SolutionConfigurationPlatforms) = preSolution
		Debug|Any CPU = Debug|Any CPU
		Release|Any CPU = Release|Any CPU
	EndGlobalSection
	GlobalSection(ProjectConfigurationPlatforms) = postSolution
		{580BF8B1-61AF-47FD-B9BD-2B76A6F2391E}.Debug|Any CPU.ActiveCfg = Debug|Any CPU
		{580BF8B1-61AF-47FD-B9BD-2B76A6F2391E}.Debug|Any CPU.Build.0 = Debug|Any CPU
		{580BF8B1-61AF-47FD-B9BD-2B76A6F2391E}.Release|Any CPU.ActiveCfg = Release|Any CPU
		{580BF8B1-61AF-47FD-B9BD-2B76A6F2391E}.Release|Any CPU.Build.0 = Release|Any CPU
		{E15E028B-AE90-4511-ADEF-83F4173EC28E}.Debug|Any CPU.ActiveCfg = Debug|Any CPU
		{E15E028B-AE90-4511-ADEF-83F4173EC28E}.Debug|Any CPU.Build.0 = Debug|Any CPU
		{E15E028B-AE90-4511-ADEF-83F4173EC28E}.Release|Any CPU.ActiveCfg = Release|Any CPU
		{E15E028B-AE90-4511-ADEF-83F4173EC28E}.Release|Any CPU.Build.0 = Release|Any CPU
		{8F428F85-1B5B-435C-8640-C4A34883E10E}.Debug|Any CPU.ActiveCfg = Debug|Any CPU
		{8F428F85-1B5B-435C-8640-C4A34883E10E}.Debug|Any CPU.Build.0 = Debug|Any CPU
		{8F428F85-1B5B-435C-8640-C4A34883E10E}.Release|Any CPU.ActiveCfg = Release|Any CPU
		{8F428F85-1B5B-435C-8640-C4A34883E10E}.Release|Any CPU.Build.0 = Release|Any CPU
		{6ADEB1F5-4BA3-458F-8239-841E048EFE3A}.Debug|Any CPU.ActiveCfg = Debug|Any CPU
		{6ADEB1F5-4BA3-458F-8239-841E048EFE3A}.Debug|Any CPU.Build.0 = Debug|Any CPU
		{6ADEB1F5-4BA3-458F-8239-841E048EFE3A}.Release|Any CPU.ActiveCfg = Release|Any CPU
		{6ADEB1F5-4BA3-458F-8239-841E048EFE3A}.Release|Any CPU.Build.0 = Release|Any CPU
		{CB1B4E13-2D42-473E-AC55-5D2E3E08F143}.Debug|Any CPU.ActiveCfg = Debug|Any CPU
		{CB1B4E13-2D42-473E-AC55-5D2E3E08F143}.Debug|Any CPU.Build.0 = Debug|Any CPU
		{CB1B4E13-2D42-473E-AC55-5D2E3E08F143}.Release|Any CPU.ActiveCfg = Release|Any CPU
		{CB1B4E13-2D42-473E-AC55-5D2E3E08F143}.Release|Any CPU.Build.0 = Release|Any CPU
		{AB47757F-36C5-4714-AA76-F4B3A6AA4D69}.Debug|Any CPU.ActiveCfg = Debug|Any CPU
		{AB47757F-36C5-4714-AA76-F4B3A6AA4D69}.Debug|Any CPU.Build.0 = Debug|Any CPU
		{AB47757F-36C5-4714-AA76-F4B3A6AA4D69}.Release|Any CPU.ActiveCfg = Release|Any CPU
		{AB47757F-36C5-4714-AA76-F4B3A6AA4D69}.Release|Any CPU.Build.0 = Release|Any CPU
	EndGlobalSection
	GlobalSection(SolutionProperties) = preSolution
		HideSolutionNode = FALSE
	EndGlobalSection
EndGlobal
